Microsoft Visual Studio Solution File, Format Version 12.00
# Visual Studio Version 17
VisualStudioVersion = 17.5.2.0
MinimumVisualStudioVersion = 10.0.40219.1
Project("{FAE04EC0-301F-11D3-BF4B-00C04F79EFBC}") = "ireal-editor", "ireal-editor.csproj", "{CA833847-3133-B3B8-3E7A-67C3246D4DFD}"
EndProject
Global
	GlobalSection(SolutionConfigurationPlatforms) = preSolution
		Debug|Any CPU = Debug|Any CPU
		Release|Any CPU = Release|Any CPU
	EndGlobalSection
	GlobalSection(ProjectConfigurationPlatforms) = postSolution
		{CA833847-3133-B3B8-3E7A-67C3246D4DFD}.Debug|Any CPU.ActiveCfg = Debug|Any CPU
		{CA833847-3133-B3B8-3E7A-67C3246D4DFD}.Debug|Any CPU.Build.0 = Debug|Any CPU
		{CA833847-3133-B3B8-3E7A-67C3246D4DFD}.Release|Any CPU.ActiveCfg = Release|Any CPU
		{CA833847-3133-B3B8-3E7A-67C3246D4DFD}.Release|Any CPU.Build.0 = Release|Any CPU
	EndGlobalSection
	GlobalSection(SolutionProperties) = preSolution
		HideSolutionNode = FALSE
	EndGlobalSection
	GlobalSection(ExtensibilityGlobals) = postSolution
		SolutionGuid = {220DA61A-BD52-4768-A6F7-80C110035B12}
	EndGlobalSection
EndGlobal
